{
  "name": "alt",
  "version": "1.0.0",
  "lockfileVersion": 3,
  "requires": true,
  "packages": {
    "": {
      "name": "alt",
      "version": "1.0.0",
      "license": "ISC",
      "dependencies": {
        "porffor": "^0.0.0-alpha.13"
      }
    },
    "node_modules/@porffor/darwin-arm64": {
      "version": "0.0.0-alpha.13",
      "resolved": "https://registry.npmjs.org/@porffor/darwin-arm64/-/darwin-arm64-0.0.0-alpha.13.tgz",
      "integrity": "sha512-hboaDvsXj3OTXPGu4C21DRxP2VSKQ0b49fchQuHFIZ9RmMxRb2qL6a5QJ74DAB0mdkFwqfpofmRq2BvGP2nPsg==",
      "cpu": [
        "arm64"
      ],
      "license": "MIT",
      "optional": true,
      "os": [
        "darwin"
      ]
    },
    "node_modules/@porffor/darwin-x64": {
      "version": "0.0.0-alpha.13",
      "resolved": "https://registry.npmjs.org/@porffor/darwin-x64/-/darwin-x64-0.0.0-alpha.13.tgz",
      "integrity": "sha512-pobTVpWeXgwpIYEnKt5Q8KpPkTWEY18cPpfHepc2WOzUPv9nnx27sZ3ixdjM2/C8QZaX4XfMOGdNC4iFnScVug==",
      "cpu": [
        "x64"
      ],
      "license": "MIT",
      "optional": true,
      "os": [
        "darwin"
      ]
    },
    "node_modules/@porffor/linux-arm64": {
      "version": "0.0.0-alpha.13",
      "resolved": "https://registry.npmjs.org/@porffor/linux-arm64/-/linux-arm64-0.0.0-alpha.13.tgz",
      "integrity": "sha512-P5KbQHAHaPSkOpHKk14iSQ9HXTnM3h0nlTtyOjM2dSDY38ucLFZ7VXMOUQ3Na9tGeA9b1djKZD28sQ2kAEgQZw==",
      "cpu": [
        "arm64"
      ],
      "libc": [
        "glibc"
      ],
      "license": "MIT",
      "optional": true,
      "os": [
        "linux"
      ]
    },
    "node_modules/@porffor/linux-arm64-musl": {
      "version": "0.0.0-alpha.13",
      "resolved": "https://registry.npmjs.org/@porffor/linux-arm64-musl/-/linux-arm64-musl-0.0.0-alpha.13.tgz",
      "integrity": "sha512-gD5x9gY83mzz3QzKE6DeuVGwCVkixIEfeS1GBw8ws74f+96zjECoCXmGUNPaG7knjp9kzDzZoFgup0i/FfA65g==",
      "cpu": [
        "arm64"
      ],
      "libc": [
        "musl"
      ],
      "license": "MIT",
      "optional": true,
      "os": [
        "linux"
      ]
    },
    "node_modules/@porffor/linux-x64": {
      "version": "0.0.0-alpha.13",
      "resolved": "https://registry.npmjs.org/@porffor/linux-x64/-/linux-x64-0.0.0-alpha.13.tgz",
      "integrity": "sha512-JQw3R2QX+NEHzyrVed5MyaeR5W7OKJrBLxvszmMHH++t04+JxsjGwYTsE0+Gk3FiQz/CoyEa19vsrlRXsQ3Aqg==",
      "cpu": [
        "x64"
      ],
      "libc": [
        "glibc"
      ],
      "license": "MIT",
      "optional": true,
      "os": [
        "linux"
      ]
    },
    "node_modules/@porffor/linux-x64-musl": {
      "version": "0.0.0-alpha.13",
      "resolved": "https://registry.npmjs.org/@porffor/linux-x64-musl/-/linux-x64-musl-0.0.0-alpha.13.tgz",
      "integrity": "sha512-M8uAa7AXPRk2I0RDoMvnXhFnXrEBGhjR4qWHTTBWir4PIrqD2s0p6rwDvHfZHbhRujyNQd06Mnq54/awCo1k8w==",
      "cpu": [
        "x64"
      ],
      "libc": [
        "musl"
      ],
      "license": "MIT",
      "optional": true,
      "os": [
        "linux"
      ]
    },
    "node_modules/porffor": {
      "version": "0.0.0-alpha.13",
      "resolved": "https://registry.npmjs.org/porffor/-/porffor-0.0.0-alpha.13.tgz",
      "integrity": "sha512-oH1RG2rDzP0eESLvtrxXFx8dfnbm5jL742jlVfbM2O/p7FW25J6eJHoZNNFwtMbMXPEKdM53gbhyGXS2LbTOvw==",
      "license": "MIT",
      "bin": {
        "porf": "porf"
      },
      "optionalDependencies": {
        "@porffor/darwin-arm64": "0.0.0-alpha.13",
        "@porffor/darwin-x64": "0.0.0-alpha.13",
        "@porffor/linux-arm64": "0.0.0-alpha.13",
        "@porffor/linux-arm64-musl": "0.0.0-alpha.13",
        "@porffor/linux-x64": "0.0.0-alpha.13",
        "@porffor/linux-x64-musl": "0.0.0-alpha.13"
      }
    }
  }
}
